
Microsoft Visual Studio Solution File, Format Version 12.00
# Visual Studio Version 17
VisualStudioVersion = 17.7.34202.233
MinimumVisualStudioVersion = 10.0.40219.1
Project("{FAE04EC0-301F-11D3-BF4B-00C04F79EFBC}") = "LoginAuthentication", "LoginAuthentication\LoginAuthentication.csproj", "{8CE1177A-2505-489B-A605-47C2BD9DCCE3}"
EndProject
Global
	GlobalSection(SolutionConfigurationPlatforms) = preSolution
		Debug|Any CPU = Debug|Any CPU
		Release|Any CPU = Release|Any CPU
	EndGlobalSection
	GlobalSection(ProjectConfigurationPlatforms) = postSolution
		{8CE1177A-2505-489B-A605-47C2BD9DCCE3}.Debug|Any CPU.ActiveCfg = Debug|Any CPU
		{8CE1177A-2505-489B-A605-47C2BD9DCCE3}.Debug|Any CPU.Build.0 = Debug|Any CPU
		{8CE1177A-2505-489B-A605-47C2BD9DCCE3}.Release|Any CPU.ActiveCfg = Release|Any CPU
		{8CE1177A-2505-489B-A605-47C2BD9DCCE3}.Release|Any CPU.Build.0 = Release|Any CPU
	EndGlobalSection
	GlobalSection(SolutionProperties) = preSolution
		HideSolutionNode = FALSE
	EndGlobalSection
	GlobalSection(ExtensibilityGlobals) = postSolution
		SolutionGuid = {3A851BE6-2A08-45C2-BD68-85264B219F34}
	EndGlobalSection
EndGlobal
